
Microsoft Visual Studio Solution File, Format Version 12.00
# Visual Studio 15
VisualStudioVersion = 15.0.27703.2000
MinimumVisualStudioVersion = 10.0.40219.1
Project("{8BC9CEB8-8B4A-11D0-8D11-00A0C91BC942}") = "InterviewQ_1", "InterviewQ_1\InterviewQ_1.vcxproj", "{199EA6BD-5FCD-4807-8CB0-EFDBD468B604}"
EndProject
Global
	GlobalSection(SolutionConfigurationPlatforms) = preSolution
		Debug|x64 = Debug|x64
		Debug|x86 = Debug|x86
		Release|x64 = Release|x64
		Release|x86 = Release|x86
	EndGlobalSection
	GlobalSection(ProjectConfigurationPlatforms) = postSolution
		{199EA6BD-5FCD-4807-8CB0-EFDBD468B604}.Debug|x64.ActiveCfg = Debug|x64
		{199EA6BD-5FCD-4807-8CB0-EFDBD468B604}.Debug|x64.Build.0 = Debug|x64
		{199EA6BD-5FCD-4807-8CB0-EFDBD468B604}.Debug|x86.ActiveCfg = Debug|Win32
		{199EA6BD-5FCD-4807-8CB0-EFDBD468B604}.Debug|x86.Build.0 = Debug|Win32
		{199EA6BD-5FCD-4807-8CB0-EFDBD468B604}.Release|x64.ActiveCfg = Release|x64
		{199EA6BD-5FCD-4807-8CB0-EFDBD468B604}.Release|x64.Build.0 = Release|x64
		{199EA6BD-5FCD-4807-8CB0-EFDBD468B604}.Release|x86.ActiveCfg = Release|Win32
		{199EA6BD-5FCD-4807-8CB0-EFDBD468B604}.Release|x86.Build.0 = Release|Win32
	EndGlobalSection
	GlobalSection(SolutionProperties) = preSolution
		HideSolutionNode = FALSE
	EndGlobalSection
	GlobalSection(ExtensibilityGlobals) = postSolution
		SolutionGuid = {41090A1E-E14B-4603-859E-73C02E05BB45}
	EndGlobalSection
EndGlobal
